
Microsoft Visual Studio Solution File, Format Version 12.00
# Visual Studio 15
VisualStudioVersion = 15.0.28307.168
MinimumVisualStudioVersion = 10.0.40219.1
Project("{FAE04EC0-301F-11D3-BF4B-00C04F79EFBC}") = "WebApplication1", "WebApplication1\WebApplication1.csproj", "{A0E5FE4A-A5AF-4E80-8C54-A56058D941B8}"
EndProject
Global
	GlobalSection(SolutionConfigurationPlatforms) = preSolution
		Debug|Any CPU = Debug|Any CPU
		Release|Any CPU = Release|Any CPU
	EndGlobalSection
	GlobalSection(ProjectConfigurationPlatforms) = postSolution
		{A0E5FE4A-A5AF-4E80-8C54-A56058D941B8}.Debug|Any CPU.ActiveCfg = Debug|Any CPU
		{A0E5FE4A-A5AF-4E80-8C54-A56058D941B8}.Debug|Any CPU.Build.0 = Debug|Any CPU
		{A0E5FE4A-A5AF-4E80-8C54-A56058D941B8}.Release|Any CPU.ActiveCfg = Release|Any CPU
		{A0E5FE4A-A5AF-4E80-8C54-A56058D941B8}.Release|Any CPU.Build.0 = Release|Any CPU
	EndGlobalSection
	GlobalSection(SolutionProperties) = preSolution
		HideSolutionNode = FALSE
	EndGlobalSection
	GlobalSection(ExtensibilityGlobals) = postSolution
		SolutionGuid = {6F327F5B-4A9B-4573-B501-0BA7E50FDC10}
	EndGlobalSection
EndGlobal
